
Microsoft Visual Studio Solution File, Format Version 12.00
# Visual Studio 15
VisualStudioVersion = 15.0.26228.9
MinimumVisualStudioVersion = 10.0.40219.1
Project("{FAE04EC0-301F-11D3-BF4B-00C04F79EFBC}") = "DotNetFakerTest", "DotNetFakerTest\DotNetFakerTest.csproj", "{B047B124-FCC2-4EED-B02C-CA3577FCC289}"
EndProject
Project("{FAE04EC0-301F-11D3-BF4B-00C04F79EFBC}") = "DotNetFaker", "DotNetFaker\DotNetFaker.csproj", "{C4475364-536A-4C99-812D-8110B58CAE56}"
EndProject
Global
	GlobalSection(SolutionConfigurationPlatforms) = preSolution
		Debug|Any CPU = Debug|Any CPU
		Release|Any CPU = Release|Any CPU
	EndGlobalSection
	GlobalSection(ProjectConfigurationPlatforms) = postSolution
		{B047B124-FCC2-4EED-B02C-CA3577FCC289}.Debug|Any CPU.ActiveCfg = Debug|Any CPU
		{B047B124-FCC2-4EED-B02C-CA3577FCC289}.Debug|Any CPU.Build.0 = Debug|Any CPU
		{B047B124-FCC2-4EED-B02C-CA3577FCC289}.Release|Any CPU.ActiveCfg = Release|Any CPU
		{B047B124-FCC2-4EED-B02C-CA3577FCC289}.Release|Any CPU.Build.0 = Release|Any CPU
		{C4475364-536A-4C99-812D-8110B58CAE56}.Debug|Any CPU.ActiveCfg = Debug|Any CPU
		{C4475364-536A-4C99-812D-8110B58CAE56}.Debug|Any CPU.Build.0 = Debug|Any CPU
		{C4475364-536A-4C99-812D-8110B58CAE56}.Release|Any CPU.ActiveCfg = Release|Any CPU
		{C4475364-536A-4C99-812D-8110B58CAE56}.Release|Any CPU.Build.0 = Release|Any CPU
	EndGlobalSection
	GlobalSection(SolutionProperties) = preSolution
		HideSolutionNode = FALSE
	EndGlobalSection
EndGlobal
